
Microsoft Visual Studio Solution File, Format Version 12.00
Project("{FAE04EC0-301F-11D3-BF4B-00C04F79EFBC}") = "RainbowLobby", "RainbowLobby\RainbowLobby.csproj", "{1EC210D0-C502-4095-93C6-5A8D187EB253}"
EndProject
Global
	GlobalSection(SolutionConfigurationPlatforms) = preSolution
		Debug|Any CPU = Debug|Any CPU
		Release|Any CPU = Release|Any CPU
	EndGlobalSection
	GlobalSection(ProjectConfigurationPlatforms) = postSolution
		{1EC210D0-C502-4095-93C6-5A8D187EB253}.Debug|Any CPU.ActiveCfg = Debug|Any CPU
		{1EC210D0-C502-4095-93C6-5A8D187EB253}.Debug|Any CPU.Build.0 = Debug|Any CPU
		{1EC210D0-C502-4095-93C6-5A8D187EB253}.Release|Any CPU.ActiveCfg = Release|Any CPU
		{1EC210D0-C502-4095-93C6-5A8D187EB253}.Release|Any CPU.Build.0 = Release|Any CPU
	EndGlobalSection
EndGlobal
